
Microsoft Visual Studio Solution File, Format Version 12.00
# Visual Studio Version 16
VisualStudioVersion = 16.0.31229.75
MinimumVisualStudioVersion = 10.0.40219.1
Project("{9A19103F-16F7-4668-BE54-9A1E7A4F7556}") = "MonkeSwim", "Swim\MonkeSwim.csproj", "{DF4E4A1F-5217-4C44-AF09-A0C8FF8931E3}"
EndProject
Global
	GlobalSection(SolutionConfigurationPlatforms) = preSolution
		Debug|Any CPU = Debug|Any CPU
		Release|Any CPU = Release|Any CPU
	EndGlobalSection
	GlobalSection(ProjectConfigurationPlatforms) = postSolution
		{DF4E4A1F-5217-4C44-AF09-A0C8FF8931E3}.Debug|Any CPU.ActiveCfg = Debug|Any CPU
		{DF4E4A1F-5217-4C44-AF09-A0C8FF8931E3}.Debug|Any CPU.Build.0 = Debug|Any CPU
		{DF4E4A1F-5217-4C44-AF09-A0C8FF8931E3}.Release|Any CPU.ActiveCfg = Release|Any CPU
		{DF4E4A1F-5217-4C44-AF09-A0C8FF8931E3}.Release|Any CPU.Build.0 = Release|Any CPU
	EndGlobalSection
	GlobalSection(SolutionProperties) = preSolution
		HideSolutionNode = FALSE
	EndGlobalSection
	GlobalSection(ExtensibilityGlobals) = postSolution
		SolutionGuid = {385651A0-2534-4F27-AC40-BCFF1E361EDB}
	EndGlobalSection
EndGlobal
